
Microsoft Visual Studio Solution File, Format Version 12.00
# Visual Studio Version 16
VisualStudioVersion = 16.0.31424.327
MinimumVisualStudioVersion = 10.0.40219.1
Project("{FAE04EC0-301F-11D3-BF4B-00C04F79EFBC}") = "WindowsFormsApp4", "WindowsFormsApp4\WindowsFormsApp4.csproj", "{2F3C97F8-426D-4F5B-A6CE-09BBA8F70CBE}"
EndProject
Global
	GlobalSection(SolutionConfigurationPlatforms) = preSolution
		Debug|Any CPU = Debug|Any CPU
		Release|Any CPU = Release|Any CPU
	EndGlobalSection
	GlobalSection(ProjectConfigurationPlatforms) = postSolution
		{2F3C97F8-426D-4F5B-A6CE-09BBA8F70CBE}.Debug|Any CPU.ActiveCfg = Debug|Any CPU
		{2F3C97F8-426D-4F5B-A6CE-09BBA8F70CBE}.Debug|Any CPU.Build.0 = Debug|Any CPU
		{2F3C97F8-426D-4F5B-A6CE-09BBA8F70CBE}.Release|Any CPU.ActiveCfg = Release|Any CPU
		{2F3C97F8-426D-4F5B-A6CE-09BBA8F70CBE}.Release|Any CPU.Build.0 = Release|Any CPU
	EndGlobalSection
	GlobalSection(SolutionProperties) = preSolution
		HideSolutionNode = FALSE
	EndGlobalSection
	GlobalSection(ExtensibilityGlobals) = postSolution
		SolutionGuid = {E07D4E8E-E4FB-4887-AAA8-3D0AB9CF11F1}
	EndGlobalSection
EndGlobal
